// !$*UTF8*$!
{
	archiveVersion = 1;
	classes = {
	};
	objectVersion = 46;
	objects = {

/* Begin PBXBuildFile section */
		861397661E37B01E001904B2 /* AppDelegate.swift in Sources */ = {isa = PBXBuildFile; fileRef = 861397651E37B01E001904B2 /* AppDelegate.swift */; };
		861397681E37B01E001904B2 /* ViewController.swift in Sources */ = {isa = PBXBuildFile; fileRef = 861397671E37B01E001904B2 /* ViewController.swift */; };
		8613976B1E37B01E001904B2 /* Main.storyboard in Resources */ = {isa = PBXBuildFile; fileRef = 861397691E37B01E001904B2 /* Main.storyboard */; };
		8613976E1E37B01E001904B2 /* GWNYC.xcdatamodeld in Sources */ = {isa = PBXBuildFile; fileRef = 8613976C1E37B01E001904B2 /* GWNYC.xcdatamodeld */; };
		861397701E37B01E001904B2 /* Assets.xcassets in Resources */ = {isa = PBXBuildFile; fileRef = 8613976F1E37B01E001904B2 /* Assets.xcassets */; };
		861397731E37B01E001904B2 /* LaunchScreen.storyboard in Resources */ = {isa = PBXBuildFile; fileRef = 861397711E37B01E001904B2 /* LaunchScreen.storyboard */; };
		86C0D70F1E37C69100D65765 /* FarmersMarketParser.swift in Sources */ = {isa = PBXBuildFile; fileRef = 86C0D70E1E37C69100D65765 /* FarmersMarketParser.swift */; };
		86C0D7121E37C6C600D65765 /* FarmersMarketAPI.swift in Sources */ = {isa = PBXBuildFile; fileRef = 86C0D7111E37C6C600D65765 /* FarmersMarketAPI.swift */; };
		EEAA202FE17727BD9EB4E045 /* Pods_GWNYC.framework in Frameworks */ = {isa = PBXBuildFile; fileRef = C11C69E2496162CAAEE5B4E2 /* Pods_GWNYC.framework */; };
/* End PBXBuildFile section */

/* Begin PBXFileReference section */
		2A655F78B97305F045D87056 /* Pods-GWNYC.release.xcconfig */ = {isa = PBXFileReference; includeInIndex = 1; lastKnownFileType = text.xcconfig; name = "Pods-GWNYC.release.xcconfig"; path = "Pods/Target Support Files/Pods-GWNYC/Pods-GWNYC.release.xcconfig"; sourceTree = "<group>"; };
		41D0E581288FE7AE02F5C6BD /* Pods-GWNYC.debug.xcconfig */ = {isa = PBXFileReference; includeInIndex = 1; lastKnownFileType = text.xcconfig; name = "Pods-GWNYC.debug.xcconfig"; path = "Pods/Target Support Files/Pods-GWNYC/Pods-GWNYC.debug.xcconfig"; sourceTree = "<group>"; };
		861397621E37B01E001904B2 /* GWNYC.app */ = {isa = PBXFileReference; explicitFileType = wrapper.application; includeInIndex = 0; path = GWNYC.app; sourceTree = BUILT_PRODUCTS_DIR; };
		861397651E37B01E001904B2 /* AppDelegate.swift */ = {isa = PBXFileReference; lastKnownFileType = sourcecode.swift; path = AppDelegate.swift; sourceTree = "<group>"; };
		861397671E37B01E001904B2 /* ViewController.swift */ = {isa = PBXFileReference; lastKnownFileType = sourcecode.swift; path = ViewController.swift; sourceTree = "<group>"; };
		8613976A1E37B01E001904B2 /* Base */ = {isa = PBXFileReference; lastKnownFileType = file.storyboard; name = Base; path = Base.lproj/Main.storyboard; sourceTree = "<group>"; };
		8613976D1E37B01E001904B2 /* GWNYC.xcdatamodel */ = {isa = PBXFileReference; lastKnownFileType = wrapper.xcdatamodel; path = GWNYC.xcdatamodel; sourceTree = "<group>"; };
		8613976F1E37B01E001904B2 /* Assets.xcassets */ = {isa = PBXFileReference; lastKnownFileType = folder.assetcatalog; path = Assets.xcassets; sourceTree = "<group>"; };
		861397721E37B01E001904B2 /* Base */ = {isa = PBXFileReference; lastKnownFileType = file.storyboard; name = Base; path = Base.lproj/LaunchScreen.storyboard; sourceTree = "<group>"; };
		861397741E37B01E001904B2 /* Info.plist */ = {isa = PBXFileReference; lastKnownFileType = text.plist.xml; path = Info.plist; sourceTree = "<group>"; };
		86C0D70E1E37C69100D65765 /* FarmersMarketParser.swift */ = {isa = PBXFileReference; fileEncoding = 4; lastKnownFileType = sourcecode.swift; path = FarmersMarketParser.swift; sourceTree = "<group>"; };
		86C0D7111E37C6C600D65765 /* FarmersMarketAPI.swift */ = {isa = PBXFileReference; fileEncoding = 4; lastKnownFileType = sourcecode.swift; path = FarmersMarketAPI.swift; sourceTree = "<group>"; };
		C11C69E2496162CAAEE5B4E2 /* Pods_GWNYC.framework */ = {isa = PBXFileReference; explicitFileType = wrapper.framework; includeInIndex = 0; path = Pods_GWNYC.framework; sourceTree = BUILT_PRODUCTS_DIR; };
/* End PBXFileReference section */

/* Begin PBXFrameworksBuildPhase section */
		8613975F1E37B01E001904B2 /* Frameworks */ = {
			isa = PBXFrameworksBuildPhase;
			buildActionMask = 2147483647;
			files = (
				EEAA202FE17727BD9EB4E045 /* Pods_GWNYC.framework in Frameworks */,
			);
			runOnlyForDeploymentPostprocessing = 0;
		};
/* End PBXFrameworksBuildPhase section */

/* Begin PBXGroup section */
		41C163D413130E710EB0BB0A /* Frameworks */ = {
			isa = PBXGroup;
			children = (
				C11C69E2496162CAAEE5B4E2 /* Pods_GWNYC.framework */,
			);
			name = Frameworks;
			sourceTree = "<group>";
		};
		861397591E37B01E001904B2 = {
			isa = PBXGroup;
			children = (
				861397641E37B01E001904B2 /* GWNYC */,
				861397631E37B01E001904B2 /* Products */,
				FA63F3FBE1600046465E5D3F /* Pods */,
				41C163D413130E710EB0BB0A /* Frameworks */,
			);
			sourceTree = "<group>";
		};
		861397631E37B01E001904B2 /* Products */ = {
			isa = PBXGroup;
			children = (
				861397621E37B01E001904B2 /* GWNYC.app */,
			);
			name = Products;
			sourceTree = "<group>";
		};
		861397641E37B01E001904B2 /* GWNYC */ = {
			isa = PBXGroup;
			children = (
				8613977A1E37B031001904B2 /* App Delegation */,
				86C0D7131E37C6D100D65765 /* View Controllers */,
				86C0D70D1E37C5D000D65765 /* Model */,
				86C0D7101E37C6AA00D65765 /* Networking */,
				8613977B1E37B04C001904B2 /* Storyboards */,
				8613976F1E37B01E001904B2 /* Assets.xcassets */,
				861397741E37B01E001904B2 /* Info.plist */,
				8613976C1E37B01E001904B2 /* GWNYC.xcdatamodeld */,
			);
			path = GWNYC;
			sourceTree = "<group>";
		};
		8613977A1E37B031001904B2 /* App Delegation */ = {
			isa = PBXGroup;
			children = (
				861397651E37B01E001904B2 /* AppDelegate.swift */,
			);
			name = "App Delegation";
			sourceTree = "<group>";
		};
		8613977B1E37B04C001904B2 /* Storyboards */ = {
			isa = PBXGroup;
			children = (
				861397691E37B01E001904B2 /* Main.storyboard */,
				861397711E37B01E001904B2 /* LaunchScreen.storyboard */,
			);
			name = Storyboards;
			sourceTree = "<group>";
		};
		86C0D70D1E37C5D000D65765 /* Model */ = {
			isa = PBXGroup;
			children = (
				86C0D70E1E37C69100D65765 /* FarmersMarketParser.swift */,
			);
			name = Model;
			sourceTree = "<group>";
		};
		86C0D7101E37C6AA00D65765 /* Networking */ = {
			isa = PBXGroup;
			children = (
				86C0D7111E37C6C600D65765 /* FarmersMarketAPI.swift */,
			);
			name = Networking;
			sourceTree = "<group>";
		};
		86C0D7131E37C6D100D65765 /* View Controllers */ = {
			isa = PBXGroup;
			children = (
				861397671E37B01E001904B2 /* ViewController.swift */,
			);
			name = "View Controllers";
			sourceTree = "<group>";
		};
		FA63F3FBE1600046465E5D3F /* Pods */ = {
			isa = PBXGroup;
			children = (
				41D0E581288FE7AE02F5C6BD /* Pods-GWNYC.debug.xcconfig */,
				2A655F78B97305F045D87056 /* Pods-GWNYC.release.xcconfig */,
			);
			name = Pods;
			sourceTree = "<group>";
		};
/* End PBXGroup section */

/* Begin PBXNativeTarget section */
		861397611E37B01E001904B2 /* GWNYC */ = {
			isa = PBXNativeTarget;
			buildConfigurationList = 861397771E37B01E001904B2 /* Build configuration list for PBXNativeTarget "GWNYC" */;
			buildPhases = (
				FD04722B368EB34B32105A88 /* [CP] Check Pods Manifest.lock */,
				8613975E1E37B01E001904B2 /* Sources */,
				8613975F1E37B01E001904B2 /* Frameworks */,
				861397601E37B01E001904B2 /* Resources */,
				2BBE426AA58640D99F9EFAC4 /* [CP] Embed Pods Frameworks */,
				A7798A0EE3508157BA0944C5 /* [CP] Copy Pods Resources */,
			);
			buildRules = (
			);
			dependencies = (
			);
			name = GWNYC;
			productName = GWNYC;
			productReference = 861397621E37B01E001904B2 /* GWNYC.app */;
			productType = "com.apple.product-type.application";
		};
/* End PBXNativeTarget section */

/* Begin PBXProject section */
		8613975A1E37B01E001904B2 /* Project object */ = {
			isa = PBXProject;
			attributes = {
				LastSwiftUpdateCheck = 0820;
				LastUpgradeCheck = 0820;
				ORGANIZATIONNAME = "Ticia Chance";
				TargetAttributes = {
					861397611E37B01E001904B2 = {
						CreatedOnToolsVersion = 8.2.1;
						DevelopmentTeam = TAFW84825Y;
						ProvisioningStyle = Automatic;
					};
				};
			};
			buildConfigurationList = 8613975D1E37B01E001904B2 /* Build configuration list for PBXProject "GWNYC" */;
			compatibilityVersion = "Xcode 3.2";
			developmentRegion = English;
			hasScannedForEncodings = 0;
			knownRegions = (
				en,
				Base,
			);
			mainGroup = 861397591E37B01E001904B2;
			productRefGroup = 861397631E37B01E001904B2 /* Products */;
			projectDirPath = "";
			projectRoot = "";
			targets = (
				861397611E37B01E001904B2 /* GWNYC */,
			);
		};
/* End PBXProject section */

/* Begin PBXResourcesBuildPhase section */
		861397601E37B01E001904B2 /* Resources */ = {
			isa = PBXResourcesBuildPhase;
			buildActionMask = 2147483647;
			files = (
				861397731E37B01E001904B2 /* LaunchScreen.storyboard in Resources */,
				861397701E37B01E001904B2 /* Assets.xcassets in Resources */,
				8613976B1E37B01E001904B2 /* Main.storyboard in Resources */,
			);
			runOnlyForDeploymentPostprocessing = 0;
		};
/* End PBXResourcesBuildPhase section */

/* Begin PBXShellScriptBuildPhase section */
		2BBE426AA58640D99F9EFAC4 /* [CP] Embed Pods Frameworks */ = {
			isa = PBXShellScriptBuildPhase;
			buildActionMask = 2147483647;
			files = (
			);
			inputPaths = (
			);
			name = "[CP] Embed Pods Frameworks";
			outputPaths = (
			);
			runOnlyForDeploymentPostprocessing = 0;
			shellPath = /bin/sh;
			shellScript = "\"${SRCROOT}/Pods/Target Support Files/Pods-GWNYC/Pods-GWNYC-frameworks.sh\"\n";
			showEnvVarsInLog = 0;
		};
		A7798A0EE3508157BA0944C5 /* [CP] Copy Pods Resources */ = {
			isa = PBXShellScriptBuildPhase;
			buildActionMask = 2147483647;
			files = (
			);
			inputPaths = (
			);
			name = "[CP] Copy Pods Resources";
			outputPaths = (
			);
			runOnlyForDeploymentPostprocessing = 0;
			shellPath = /bin/sh;
			shellScript = "\"${SRCROOT}/Pods/Target Support Files/Pods-GWNYC/Pods-GWNYC-resources.sh\"\n";
			showEnvVarsInLog = 0;
		};
		FD04722B368EB34B32105A88 /* [CP] Check Pods Manifest.lock */ = {
			isa = PBXShellScriptBuildPhase;
			buildActionMask = 2147483647;
			files = (
			);
			inputPaths = (
			);
			name = "[CP] Check Pods Manifest.lock";
			outputPaths = (
			);
			runOnlyForDeploymentPostprocessing = 0;
			shellPath = /bin/sh;
			shellScript = "diff \"${PODS_ROOT}/../Podfile.lock\" \"${PODS_ROOT}/Manifest.lock\" > /dev/null\nif [ $? != 0 ] ; then\n    # print error to STDERR\n    echo \"error: The sandbox is not in sync with the Podfile.lock. Run 'pod install' or update your CocoaPods installation.\" >&2\n    exit 1\nfi\n";
			showEnvVarsInLog = 0;
		};
/* End PBXShellScriptBuildPhase section */

/* Begin PBXSourcesBuildPhase section */
		8613975E1E37B01E001904B2 /* Sources */ = {
			isa = PBXSourcesBuildPhase;
			buildActionMask = 2147483647;
			files = (
				8613976E1E37B01E001904B2 /* GWNYC.xcdatamodeld in Sources */,
				86C0D70F1E37C69100D65765 /* FarmersMarketParser.swift in Sources */,
				861397681E37B01E001904B2 /* ViewController.swift in Sources */,
				86C0D7121E37C6C600D65765 /* FarmersMarketAPI.swift in Sources */,
				861397661E37B01E001904B2 /* AppDelegate.swift in Sources */,
			);
			runOnlyForDeploymentPostprocessing = 0;
		};
/* End PBXSourcesBuildPhase section */

/* Begin PBXVariantGroup section */
		861397691E37B01E001904B2 /* Main.storyboard */ = {
			isa = PBXVariantGroup;
			children = (
				8613976A1E37B01E001904B2 /* Base */,
			);
			name = Main.storyboard;
			sourceTree = "<group>";
		};
		861397711E37B01E001904B2 /* LaunchScreen.storyboard */ = {
			isa = PBXVariantGroup;
			children = (
				861397721E37B01E001904B2 /* Base */,
			);
			name = LaunchScreen.storyboard;
			sourceTree = "<group>";
		};
/* End PBXVariantGroup section */

/* Begin XCBuildConfiguration section */
		861397751E37B01E001904B2 /* Debug */ = {
			isa = XCBuildConfiguration;
			buildSettings = {
				ALWAYS_SEARCH_USER_PATHS = NO;
				CLANG_ANALYZER_NONNULL = YES;
				CLANG_CXX_LANGUAGE_STANDARD = "gnu++0x";
				CLANG_CXX_LIBRARY = "libc++";
				CLANG_ENABLE_MODULES = YES;
				CLANG_ENABLE_OBJC_ARC = YES;
				CLANG_WARN_BOOL_CONVERSION = YES;
				CLANG_WARN_CONSTANT_CONVERSION = YES;
				CLANG_WARN_DIRECT_OBJC_ISA_USAGE = YES_ERROR;
				CLANG_WARN_DOCUMENTATION_COMMENTS = YES;
				CLANG_WARN_EMPTY_BODY = YES;
				CLANG_WARN_ENUM_CONVERSION = YES;
				CLANG_WARN_INFINITE_RECURSION = YES;
				CLANG_WARN_INT_CONVERSION = YES;
				CLANG_WARN_OBJC_ROOT_CLASS = YES_ERROR;
				CLANG_WARN_SUSPICIOUS_MOVE = YES;
				CLANG_WARN_UNREACHABLE_CODE = YES;
				CLANG_WARN__DUPLICATE_METHOD_MATCH = YES;
				"CODE_SIGN_IDENTITY[sdk=iphoneos*]" = "iPhone Developer";
				COPY_PHASE_STRIP = NO;
				DEBUG_INFORMATION_FORMAT = dwarf;
				ENABLE_STRICT_OBJC_MSGSEND = YES;
				ENABLE_TESTABILITY = YES;
				GCC_C_LANGUAGE_STANDARD = gnu99;
				GCC_DYNAMIC_NO_PIC = NO;
				GCC_NO_COMMON_BLOCKS = YES;
				GCC_OPTIMIZATION_LEVEL = 0;
				GCC_PREPROCESSOR_DEFINITIONS = (
					"DEBUG=1",
					"$(inherited)",
				);
				GCC_WARN_64_TO_32_BIT_CONVERSION = YES;
				GCC_WARN_ABOUT_RETURN_TYPE = YES_ERROR;
				GCC_WARN_UNDECLARED_SELECTOR = YES;
				GCC_WARN_UNINITIALIZED_AUTOS = YES_AGGRESSIVE;
				GCC_WARN_UNUSED_FUNCTION = YES;
				GCC_WARN_UNUSED_VARIABLE = YES;
				IPHONEOS_DEPLOYMENT_TARGET = 10.2;
				MTL_ENABLE_DEBUG_INFO = YES;
				ONLY_ACTIVE_ARCH = YES;
				SDKROOT = iphoneos;
				SWIFT_ACTIVE_COMPILATION_CONDITIONS = DEBUG;
				SWIFT_OPTIMIZATION_LEVEL = "-Onone";
				TARGETED_DEVICE_FAMILY = "1,2";
			};
			name = Debug;
		};
		861397761E37B01E001904B2 /* Release */ = {
			isa = XCBuildConfiguration;
			buildSettings = {
				ALWAYS_SEARCH_USER_PATHS = NO;
				CLANG_ANALYZER_NONNULL = YES;
				CLANG_CXX_LANGUAGE_STANDARD = "gnu++0x";
				CLANG_CXX_LIBRARY = "libc++";
				CLANG_ENABLE_MODULES = YES;
				CLANG_ENABLE_OBJC_ARC = YES;
				CLANG_WARN_BOOL_CONVERSION = YES;
				CLANG_WARN_CONSTANT_CONVERSION = YES;
				CLANG_WARN_DIRECT_OBJC_ISA_USAGE = YES_ERROR;
				CLANG_WARN_DOCUMENTATION_COMMENTS = YES;
				CLANG_WARN_EMPTY_BODY = YES;
				CLANG_WARN_ENUM_CONVERSION = YES;
				CLANG_WARN_INFINITE_RECURSION = YES;
				CLANG_WARN_INT_CONVERSION = YES;
				CLANG_WARN_OBJC_ROOT_CLASS = YES_ERROR;
				CLANG_WARN_SUSPICIOUS_MOVE = YES;
				CLANG_WARN_UNREACHABLE_CODE = YES;
				CLANG_WARN__DUPLICATE_METHOD_MATCH = YES;
				"CODE_SIGN_IDENTITY[sdk=iphoneos*]" = "iPhone Developer";
				COPY_PHASE_STRIP = NO;
				DEBUG_INFORMATION_FORMAT = "dwarf-with-dsym";
				ENABLE_NS_ASSERTIONS = NO;
				ENABLE_STRICT_OBJC_MSGSEND = YES;
				GCC_C_LANGUAGE_STANDARD = gnu99;
				GCC_NO_COMMON_BLOCKS = YES;
				GCC_WARN_64_TO_32_BIT_CONVERSION = YES;
				GCC_WARN_ABOUT_RETURN_TYPE = YES_ERROR;
				GCC_WARN_UNDECLARED_SELECTOR = YES;
				GCC_WARN_UNINITIALIZED_AUTOS = YES_AGGRESSIVE;
				GCC_WARN_UNUSED_FUNCTION = YES;
				GCC_WARN_UNUSED_VARIABLE = YES;
				IPHONEOS_DEPLOYMENT_TARGET = 10.2;
				MTL_ENABLE_DEBUG_INFO = NO;
				SDKROOT = iphoneos;
				SWIFT_OPTIMIZATION_LEVEL = "-Owholemodule";
				TARGETED_DEVICE_FAMILY = "1,2";
				VALIDATE_PRODUCT = YES;
			};
			name = Release;
		};
		861397781E37B01E001904B2 /* Debug */ = {
			isa = XCBuildConfiguration;
			baseConfigurationReference = 41D0E581288FE7AE02F5C6BD /* Pods-GWNYC.debug.xcconfig */;
			buildSettings = {
				ASSETCATALOG_COMPILER_APPICON_NAME = AppIcon;
				DEVELOPMENT_TEAM = TAFW84825Y;
				INFOPLIST_FILE = GWNYC/Info.plist;
				LD_RUNPATH_SEARCH_PATHS = "$(inherited) @executable_path/Frameworks";
				PRODUCT_BUNDLE_IDENTIFIER = electricchance.com.GWNYC;
				PRODUCT_NAME = "$(TARGET_NAME)";
				SWIFT_VERSION = 3.0;
			};
			name = Debug;
		};
		861397791E37B01E001904B2 /* Release */ = {
			isa = XCBuildConfiguration;
			baseConfigurationReference = 2A655F78B97305F045D87056 /* Pods-GWNYC.release.xcconfig */;
			buildSettings = {
				ASSETCATALOG_COMPILER_APPICON_NAME = AppIcon;
				DEVELOPMENT_TEAM = TAFW84825Y;
				INFOPLIST_FILE = GWNYC/Info.plist;
				LD_RUNPATH_SEARCH_PATHS = "$(inherited) @executable_path/Frameworks";
				PRODUCT_BUNDLE_IDENTIFIER = electricchance.com.GWNYC;
				PRODUCT_NAME = "$(TARGET_NAME)";
				SWIFT_VERSION = 3.0;
			};
			name = Release;
		};
/* End XCBuildConfiguration section */

/* Begin XCConfigurationList section */
		8613975D1E37B01E001904B2 /* Build configuration list for PBXProject "GWNYC" */ = {
			isa = XCConfigurationList;
			buildConfigurations = (
				861397751E37B01E001904B2 /* Debug */,
				861397761E37B01E001904B2 /* Release */,
			);
			defaultConfigurationIsVisible = 0;
			defaultConfigurationName = Release;
		};
		861397771E37B01E001904B2 /* Build configuration list for PBXNativeTarget "GWNYC" */ = {
			isa = XCConfigurationList;
			buildConfigurations = (
				861397781E37B01E001904B2 /* Debug */,
				861397791E37B01E001904B2 /* Release */,
			);
			defaultConfigurationIsVisible = 0;
			defaultConfigurationName = Release;
		};
/* End XCConfigurationList section */

/* Begin XCVersionGroup section */
		8613976C1E37B01E001904B2 /* GWNYC.xcdatamodeld */ = {
			isa = XCVersionGroup;
			children = (
				8613976D1E37B01E001904B2 /* GWNYC.xcdatamodel */,
			);
			currentVersion = 8613976D1E37B01E001904B2 /* GWNYC.xcdatamodel */;
			path = GWNYC.xcdatamodeld;
			sourceTree = "<group>";
			versionGroupType = wrapper.xcdatamodel;
		};
/* End XCVersionGroup section */
	};
	rootObject = 8613975A1E37B01E001904B2 /* Project object */;
}
